// !$*UTF8*$!
{
	archiveVersion = 1;
	classes = {
	};
	objectVersion = 55;
	objects = {

/* Begin PBXBuildFile section */
		BF8CB468278F44BC00B18158 /* moveCharactersListSwiftUIApp.swift in Sources */ = {isa = PBXBuildFile; fileRef = BF8CB467278F44BC00B18158 /* moveCharactersListSwiftUIApp.swift */; };
		BF8CB46A278F44BC00B18158 /* ContentView.swift in Sources */ = {isa = PBXBuildFile; fileRef = BF8CB469278F44BC00B18158 /* ContentView.swift */; };
		BF8CB46C278F44BF00B18158 /* Assets.xcassets in Resources */ = {isa = PBXBuildFile; fileRef = BF8CB46B278F44BF00B18158 /* Assets.xcassets */; };
		BF8CB46F278F44BF00B18158 /* Preview Assets.xcassets in Resources */ = {isa = PBXBuildFile; fileRef = BF8CB46E278F44BF00B18158 /* Preview Assets.xcassets */; };
		BF8CB476278F453500B18158 /* APIManager.swift in Sources */ = {isa = PBXBuildFile; fileRef = BF8CB475278F453400B18158 /* APIManager.swift */; };
		BF8CB478278F47AE00B18158 /* RecivedDataModel.swift in Sources */ = {isa = PBXBuildFile; fileRef = BF8CB477278F47AE00B18158 /* RecivedDataModel.swift */; };
		BF8CB47A278F5D1E00B18158 /* CharacterData.swift in Sources */ = {isa = PBXBuildFile; fileRef = BF8CB479278F5D1E00B18158 /* CharacterData.swift */; };
		BF8CB47C278F676F00B18158 /* ButtomView.swift in Sources */ = {isa = PBXBuildFile; fileRef = BF8CB47B278F676F00B18158 /* ButtomView.swift */; };
/* End PBXBuildFile section */

/* Begin PBXFileReference section */
		BF8CB464278F44BC00B18158 /* moveCharactersListSwiftUI.app */ = {isa = PBXFileReference; explicitFileType = wrapper.application; includeInIndex = 0; path = moveCharactersListSwiftUI.app; sourceTree = BUILT_PRODUCTS_DIR; };
		BF8CB467278F44BC00B18158 /* moveCharactersListSwiftUIApp.swift */ = {isa = PBXFileReference; lastKnownFileType = sourcecode.swift; path = moveCharactersListSwiftUIApp.swift; sourceTree = "<group>"; };
		BF8CB469278F44BC00B18158 /* ContentView.swift */ = {isa = PBXFileReference; lastKnownFileType = sourcecode.swift; path = ContentView.swift; sourceTree = "<group>"; };
		BF8CB46B278F44BF00B18158 /* Assets.xcassets */ = {isa = PBXFileReference; lastKnownFileType = folder.assetcatalog; path = Assets.xcassets; sourceTree = "<group>"; };
		BF8CB46E278F44BF00B18158 /* Preview Assets.xcassets */ = {isa = PBXFileReference; lastKnownFileType = folder.assetcatalog; path = "Preview Assets.xcassets"; sourceTree = "<group>"; };
		BF8CB475278F453400B18158 /* APIManager.swift */ = {isa = PBXFileReference; lastKnownFileType = sourcecode.swift; path = APIManager.swift; sourceTree = "<group>"; };
		BF8CB477278F47AE00B18158 /* RecivedDataModel.swift */ = {isa = PBXFileReference; lastKnownFileType = sourcecode.swift; path = RecivedDataModel.swift; sourceTree = "<group>"; };
		BF8CB479278F5D1E00B18158 /* CharacterData.swift */ = {isa = PBXFileReference; lastKnownFileType = sourcecode.swift; path = CharacterData.swift; sourceTree = "<group>"; };
		BF8CB47B278F676F00B18158 /* ButtomView.swift */ = {isa = PBXFileReference; lastKnownFileType = sourcecode.swift; path = ButtomView.swift; sourceTree = "<group>"; };
/* End PBXFileReference section */

/* Begin PBXFrameworksBuildPhase section */
		BF8CB461278F44BC00B18158 /* Frameworks */ = {
			isa = PBXFrameworksBuildPhase;
			buildActionMask = 2147483647;
			files = (
			);
			runOnlyForDeploymentPostprocessing = 0;
		};
/* End PBXFrameworksBuildPhase section */

/* Begin PBXGroup section */
		BF8CB45B278F44BC00B18158 = {
			isa = PBXGroup;
			children = (
				BF8CB466278F44BC00B18158 /* moveCharactersListSwiftUI */,
				BF8CB465278F44BC00B18158 /* Products */,
			);
			sourceTree = "<group>";
		};
		BF8CB465278F44BC00B18158 /* Products */ = {
			isa = PBXGroup;
			children = (
				BF8CB464278F44BC00B18158 /* moveCharactersListSwiftUI.app */,
			);
			name = Products;
			sourceTree = "<group>";
		};
		BF8CB466278F44BC00B18158 /* moveCharactersListSwiftUI */ = {
			isa = PBXGroup;
			children = (
				BF8CB467278F44BC00B18158 /* moveCharactersListSwiftUIApp.swift */,
				BF8CB469278F44BC00B18158 /* ContentView.swift */,
				BF8CB47B278F676F00B18158 /* ButtomView.swift */,
				BF8CB479278F5D1E00B18158 /* CharacterData.swift */,
				BF8CB477278F47AE00B18158 /* RecivedDataModel.swift */,
				BF8CB475278F453400B18158 /* APIManager.swift */,
				BF8CB46B278F44BF00B18158 /* Assets.xcassets */,
				BF8CB46D278F44BF00B18158 /* Preview Content */,
			);
			path = moveCharactersListSwiftUI;
			sourceTree = "<group>";
		};
		BF8CB46D278F44BF00B18158 /* Preview Content */ = {
			isa = PBXGroup;
			children = (
				BF8CB46E278F44BF00B18158 /* Preview Assets.xcassets */,
			);
			path = "Preview Content";
			sourceTree = "<group>";
		};
/* End PBXGroup section */

/* Begin PBXNativeTarget section */
		BF8CB463278F44BC00B18158 /* moveCharactersListSwiftUI */ = {
			isa = PBXNativeTarget;
			buildConfigurationList = BF8CB472278F44BF00B18158 /* Build configuration list for PBXNativeTarget "moveCharactersListSwiftUI" */;
			buildPhases = (
				BF8CB460278F44BC00B18158 /* Sources */,
				BF8CB461278F44BC00B18158 /* Frameworks */,
				BF8CB462278F44BC00B18158 /* Resources */,
			);
			buildRules = (
			);
			dependencies = (
			);
			name = moveCharactersListSwiftUI;
			productName = moveCharactersListSwiftUI;
			productReference = BF8CB464278F44BC00B18158 /* moveCharactersListSwiftUI.app */;
			productType = "com.apple.product-type.application";
		};
/* End PBXNativeTarget section */

/* Begin PBXProject section */
		BF8CB45C278F44BC00B18158 /* Project object */ = {
			isa = PBXProject;
			attributes = {
				BuildIndependentTargetsInParallel = 1;
				LastSwiftUpdateCheck = 1320;
				LastUpgradeCheck = 1320;
				TargetAttributes = {
					BF8CB463278F44BC00B18158 = {
						CreatedOnToolsVersion = 13.2.1;
					};
				};
			};
			buildConfigurationList = BF8CB45F278F44BC00B18158 /* Build configuration list for PBXProject "moveCharactersListSwiftUI" */;
			compatibilityVersion = "Xcode 13.0";
			developmentRegion = en;
			hasScannedForEncodings = 0;
			knownRegions = (
				en,
				Base,
			);
			mainGroup = BF8CB45B278F44BC00B18158;
			productRefGroup = BF8CB465278F44BC00B18158 /* Products */;
			projectDirPath = "";
			projectRoot = "";
			targets = (
				BF8CB463278F44BC00B18158 /* moveCharactersListSwiftUI */,
			);
		};
/* End PBXProject section */

/* Begin PBXResourcesBuildPhase section */
		BF8CB462278F44BC00B18158 /* Resources */ = {
			isa = PBXResourcesBuildPhase;
			buildActionMask = 2147483647;
			files = (
				BF8CB46F278F44BF00B18158 /* Preview Assets.xcassets in Resources */,
				BF8CB46C278F44BF00B18158 /* Assets.xcassets in Resources */,
			);
			runOnlyForDeploymentPostprocessing = 0;
		};
/* End PBXResourcesBuildPhase section */

/* Begin PBXSourcesBuildPhase section */
		BF8CB460278F44BC00B18158 /* Sources */ = {
			isa = PBXSourcesBuildPhase;
			buildActionMask = 2147483647;
			files = (
				BF8CB47A278F5D1E00B18158 /* CharacterData.swift in Sources */,
				BF8CB47C278F676F00B18158 /* ButtomView.swift in Sources */,
				BF8CB476278F453500B18158 /* APIManager.swift in Sources */,
				BF8CB46A278F44BC00B18158 /* ContentView.swift in Sources */,
				BF8CB478278F47AE00B18158 /* RecivedDataModel.swift in Sources */,
				BF8CB468278F44BC00B18158 /* moveCharactersListSwiftUIApp.swift in Sources */,
			);
			runOnlyForDeploymentPostprocessing = 0;
		};
/* End PBXSourcesBuildPhase section */

/* Begin XCBuildConfiguration section */
		BF8CB470278F44BF00B18158 /* Debug */ = {
			isa = XCBuildConfiguration;
			buildSettings = {
				ALWAYS_SEARCH_USER_PATHS = NO;
				CLANG_ANALYZER_NONNULL = YES;
				CLANG_ANALYZER_NUMBER_OBJECT_CONVERSION = YES_AGGRESSIVE;
				CLANG_CXX_LANGUAGE_STANDARD = "gnu++17";
				CLANG_CXX_LIBRARY = "libc++";
				CLANG_ENABLE_MODULES = YES;
				CLANG_ENABLE_OBJC_ARC = YES;
				CLANG_ENABLE_OBJC_WEAK = YES;
				CLANG_WARN_BLOCK_CAPTURE_AUTORELEASING = YES;
				CLANG_WARN_BOOL_CONVERSION = YES;
				CLANG_WARN_COMMA = YES;
				CLANG_WARN_CONSTANT_CONVERSION = YES;
				CLANG_WARN_DEPRECATED_OBJC_IMPLEMENTATIONS = YES;
				CLANG_WARN_DIRECT_OBJC_ISA_USAGE = YES_ERROR;
				CLANG_WARN_DOCUMENTATION_COMMENTS = YES;
				CLANG_WARN_EMPTY_BODY = YES;
				CLANG_WARN_ENUM_CONVERSION = YES;
				CLANG_WARN_INFINITE_RECURSION = YES;
				CLANG_WARN_INT_CONVERSION = YES;
				CLANG_WARN_NON_LITERAL_NULL_CONVERSION = YES;
				CLANG_WARN_OBJC_IMPLICIT_RETAIN_SELF = YES;
				CLANG_WARN_OBJC_LITERAL_CONVERSION = YES;
				CLANG_WARN_OBJC_ROOT_CLASS = YES_ERROR;
				CLANG_WARN_QUOTED_INCLUDE_IN_FRAMEWORK_HEADER = YES;
				CLANG_WARN_RANGE_LOOP_ANALYSIS = YES;
				CLANG_WARN_STRICT_PROTOTYPES = YES;
				CLANG_WARN_SUSPICIOUS_MOVE = YES;
				CLANG_WARN_UNGUARDED_AVAILABILITY = YES_AGGRESSIVE;
				CLANG_WARN_UNREACHABLE_CODE = YES;
				CLANG_WARN__DUPLICATE_METHOD_MATCH = YES;
				COPY_PHASE_STRIP = NO;
				DEBUG_INFORMATION_FORMAT = dwarf;
				ENABLE_STRICT_OBJC_MSGSEND = YES;
				ENABLE_TESTABILITY = YES;
				GCC_C_LANGUAGE_STANDARD = gnu11;
				GCC_DYNAMIC_NO_PIC = NO;
				GCC_NO_COMMON_BLOCKS = YES;
				GCC_OPTIMIZATION_LEVEL = 0;
				GCC_PREPROCESSOR_DEFINITIONS = (
					"DEBUG=1",
					"$(inherited)",
				);
				GCC_WARN_64_TO_32_BIT_CONVERSION = YES;
				GCC_WARN_ABOUT_RETURN_TYPE = YES_ERROR;
				GCC_WARN_UNDECLARED_SELECTOR = YES;
				GCC_WARN_UNINITIALIZED_AUTOS = YES_AGGRESSIVE;
				GCC_WARN_UNUSED_FUNCTION = YES;
				GCC_WARN_UNUSED_VARIABLE = YES;
				IPHONEOS_DEPLOYMENT_TARGET = 15.2;
				MTL_ENABLE_DEBUG_INFO = INCLUDE_SOURCE;
				MTL_FAST_MATH = YES;
				ONLY_ACTIVE_ARCH = YES;
				SDKROOT = iphoneos;
				SWIFT_ACTIVE_COMPILATION_CONDITIONS = DEBUG;
				SWIFT_OPTIMIZATION_LEVEL = "-Onone";
			};
			name = Debug;
		};
		BF8CB471278F44BF00B18158 /* Release */ = {
			isa = XCBuildConfiguration;
			buildSettings = {
				ALWAYS_SEARCH_USER_PATHS = NO;
				CLANG_ANALYZER_NONNULL = YES;
				CLANG_ANALYZER_NUMBER_OBJECT_CONVERSION = YES_AGGRESSIVE;
				CLANG_CXX_LANGUAGE_STANDARD = "gnu++17";
				CLANG_CXX_LIBRARY = "libc++";
				CLANG_ENABLE_MODULES = YES;
				CLANG_ENABLE_OBJC_ARC = YES;
				CLANG_ENABLE_OBJC_WEAK = YES;
				CLANG_WARN_BLOCK_CAPTURE_AUTORELEASING = YES;
				CLANG_WARN_BOOL_CONVERSION = YES;
				CLANG_WARN_COMMA = YES;
				CLANG_WARN_CONSTANT_CONVERSION = YES;
				CLANG_WARN_DEPRECATED_OBJC_IMPLEMENTATIONS = YES;
				CLANG_WARN_DIRECT_OBJC_ISA_USAGE = YES_ERROR;
				CLANG_WARN_DOCUMENTATION_COMMENTS = YES;
				CLANG_WARN_EMPTY_BODY = YES;
				CLANG_WARN_ENUM_CONVERSION = YES;
				CLANG_WARN_INFINITE_RECURSION = YES;
				CLANG_WARN_INT_CONVERSION = YES;
				CLANG_WARN_NON_LITERAL_NULL_CONVERSION = YES;
				CLANG_WARN_OBJC_IMPLICIT_RETAIN_SELF = YES;
				CLANG_WARN_OBJC_LITERAL_CONVERSION = YES;
				CLANG_WARN_OBJC_ROOT_CLASS = YES_ERROR;
				CLANG_WARN_QUOTED_INCLUDE_IN_FRAMEWORK_HEADER = YES;
				CLANG_WARN_RANGE_LOOP_ANALYSIS = YES;
				CLANG_WARN_STRICT_PROTOTYPES = YES;
				CLANG_WARN_SUSPICIOUS_MOVE = YES;
				CLANG_WARN_UNGUARDED_AVAILABILITY = YES_AGGRESSIVE;
				CLANG_WARN_UNREACHABLE_CODE = YES;
				CLANG_WARN__DUPLICATE_METHOD_MATCH = YES;
				COPY_PHASE_STRIP = NO;
				DEBUG_INFORMATION_FORMAT = "dwarf-with-dsym";
				ENABLE_NS_ASSERTIONS = NO;
				ENABLE_STRICT_OBJC_MSGSEND = YES;
				GCC_C_LANGUAGE_STANDARD = gnu11;
				GCC_NO_COMMON_BLOCKS = YES;
				GCC_WARN_64_TO_32_BIT_CONVERSION = YES;
				GCC_WARN_ABOUT_RETURN_TYPE = YES_ERROR;
				GCC_WARN_UNDECLARED_SELECTOR = YES;
				GCC_WARN_UNINITIALIZED_AUTOS = YES_AGGRESSIVE;
				GCC_WARN_UNUSED_FUNCTION = YES;
				GCC_WARN_UNUSED_VARIABLE = YES;
				IPHONEOS_DEPLOYMENT_TARGET = 15.2;
				MTL_ENABLE_DEBUG_INFO = NO;
				MTL_FAST_MATH = YES;
				SDKROOT = iphoneos;
				SWIFT_COMPILATION_MODE = wholemodule;
				SWIFT_OPTIMIZATION_LEVEL = "-O";
				VALIDATE_PRODUCT = YES;
			};
			name = Release;
		};
		BF8CB473278F44BF00B18158 /* Debug */ = {
			isa = XCBuildConfiguration;
			buildSettings = {
				ASSETCATALOG_COMPILER_APPICON_NAME = AppIcon;
				ASSETCATALOG_COMPILER_GLOBAL_ACCENT_COLOR_NAME = AccentColor;
				CODE_SIGN_STYLE = Automatic;
				CURRENT_PROJECT_VERSION = 1;
				DEVELOPMENT_ASSET_PATHS = "\"moveCharactersListSwiftUI/Preview Content\"";
				DEVELOPMENT_TEAM = WN5VMWRJC6;
				ENABLE_PREVIEWS = YES;
				GENERATE_INFOPLIST_FILE = YES;
				INFOPLIST_KEY_UIApplicationSceneManifest_Generation = YES;
				INFOPLIST_KEY_UIApplicationSupportsIndirectInputEvents = YES;
				INFOPLIST_KEY_UILaunchScreen_Generation = YES;
				INFOPLIST_KEY_UISupportedInterfaceOrientations_iPad = "UIInterfaceOrientationPortrait UIInterfaceOrientationPortraitUpsideDown UIInterfaceOrientationLandscapeLeft UIInterfaceOrientationLandscapeRight";
				INFOPLIST_KEY_UISupportedInterfaceOrientations_iPhone = "UIInterfaceOrientationPortrait UIInterfaceOrientationLandscapeLeft UIInterfaceOrientationLandscapeRight";
				LD_RUNPATH_SEARCH_PATHS = (
					"$(inherited)",
					"@executable_path/Frameworks",
				);
				MARKETING_VERSION = 1.0;
				PRODUCT_BUNDLE_IDENTIFIER = tatsiana.moveCharactersListSwiftUI;
				PRODUCT_NAME = "$(TARGET_NAME)";
				SWIFT_EMIT_LOC_STRINGS = YES;
				SWIFT_VERSION = 5.0;
				TARGETED_DEVICE_FAMILY = "1,2";
			};
			name = Debug;
		};
		BF8CB474278F44BF00B18158 /* Release */ = {
			isa = XCBuildConfiguration;
			buildSettings = {
				ASSETCATALOG_COMPILER_APPICON_NAME = AppIcon;
				ASSETCATALOG_COMPILER_GLOBAL_ACCENT_COLOR_NAME = AccentColor;
				CODE_SIGN_STYLE = Automatic;
				CURRENT_PROJECT_VERSION = 1;
				DEVELOPMENT_ASSET_PATHS = "\"moveCharactersListSwiftUI/Preview Content\"";
				DEVELOPMENT_TEAM = WN5VMWRJC6;
				ENABLE_PREVIEWS = YES;
				GENERATE_INFOPLIST_FILE = YES;
				INFOPLIST_KEY_UIApplicationSceneManifest_Generation = YES;
				INFOPLIST_KEY_UIApplicationSupportsIndirectInputEvents = YES;
				INFOPLIST_KEY_UILaunchScreen_Generation = YES;
				INFOPLIST_KEY_UISupportedInterfaceOrientations_iPad = "UIInterfaceOrientationPortrait UIInterfaceOrientationPortraitUpsideDown UIInterfaceOrientationLandscapeLeft UIInterfaceOrientationLandscapeRight";
				INFOPLIST_KEY_UISupportedInterfaceOrientations_iPhone = "UIInterfaceOrientationPortrait UIInterfaceOrientationLandscapeLeft UIInterfaceOrientationLandscapeRight";
				LD_RUNPATH_SEARCH_PATHS = (
					"$(inherited)",
					"@executable_path/Frameworks",
				);
				MARKETING_VERSION = 1.0;
				PRODUCT_BUNDLE_IDENTIFIER = tatsiana.moveCharactersListSwiftUI;
				PRODUCT_NAME = "$(TARGET_NAME)";
				SWIFT_EMIT_LOC_STRINGS = YES;
				SWIFT_VERSION = 5.0;
				TARGETED_DEVICE_FAMILY = "1,2";
			};
			name = Release;
		};
/* End XCBuildConfiguration section */

/* Begin XCConfigurationList section */
		BF8CB45F278F44BC00B18158 /* Build configuration list for PBXProject "moveCharactersListSwiftUI" */ = {
			isa = XCConfigurationList;
			buildConfigurations = (
				BF8CB470278F44BF00B18158 /* Debug */,
				BF8CB471278F44BF00B18158 /* Release */,
			);
			defaultConfigurationIsVisible = 0;
			defaultConfigurationName = Release;
		};
		BF8CB472278F44BF00B18158 /* Build configuration list for PBXNativeTarget "moveCharactersListSwiftUI" */ = {
			isa = XCConfigurationList;
			buildConfigurations = (
				BF8CB473278F44BF00B18158 /* Debug */,
				BF8CB474278F44BF00B18158 /* Release */,
			);
			defaultConfigurationIsVisible = 0;
			defaultConfigurationName = Release;
		};
/* End XCConfigurationList section */
	};
	rootObject = BF8CB45C278F44BC00B18158 /* Project object */;
}
